// !$*UTF8*$!
{
	archiveVersion = 1;
	classes = {
	};
	objectVersion = 50;
	objects = {

/* Begin PBXBuildFile section */
		7607F06978234FC0A5794611 /* Pods_app_smack.framework in Frameworks */ = {isa = PBXBuildFile; fileRef = C29554C7E615919F8782CB58 /* Pods_app_smack.framework */; };
		A3C0C41D220079A9004AC87D /* AppDelegate.swift in Sources */ = {isa = PBXBuildFile; fileRef = A3C0C41C220079A9004AC87D /* AppDelegate.swift */; };
		A3C0C41F220079A9004AC87D /* ViewController.swift in Sources */ = {isa = PBXBuildFile; fileRef = A3C0C41E220079A9004AC87D /* ViewController.swift */; };
		A3C0C422220079A9004AC87D /* Main.storyboard in Resources */ = {isa = PBXBuildFile; fileRef = A3C0C420220079A9004AC87D /* Main.storyboard */; };
		A3C0C424220079A9004AC87D /* Assets.xcassets in Resources */ = {isa = PBXBuildFile; fileRef = A3C0C423220079A9004AC87D /* Assets.xcassets */; };
		A3C0C427220079A9004AC87D /* LaunchScreen.storyboard in Resources */ = {isa = PBXBuildFile; fileRef = A3C0C425220079A9004AC87D /* LaunchScreen.storyboard */; };
/* End PBXBuildFile section */

/* Begin PBXFileReference section */
		A3C0C419220079A9004AC87D /* app-smack.app */ = {isa = PBXFileReference; explicitFileType = wrapper.application; includeInIndex = 0; path = "app-smack.app"; sourceTree = BUILT_PRODUCTS_DIR; };
		A3C0C41C220079A9004AC87D /* AppDelegate.swift */ = {isa = PBXFileReference; lastKnownFileType = sourcecode.swift; path = AppDelegate.swift; sourceTree = "<group>"; };
		A3C0C41E220079A9004AC87D /* ViewController.swift */ = {isa = PBXFileReference; lastKnownFileType = sourcecode.swift; path = ViewController.swift; sourceTree = "<group>"; };
		A3C0C421220079A9004AC87D /* Base */ = {isa = PBXFileReference; lastKnownFileType = file.storyboard; name = Base; path = Base.lproj/Main.storyboard; sourceTree = "<group>"; };
		A3C0C423220079A9004AC87D /* Assets.xcassets */ = {isa = PBXFileReference; lastKnownFileType = folder.assetcatalog; path = Assets.xcassets; sourceTree = "<group>"; };
		A3C0C426220079A9004AC87D /* Base */ = {isa = PBXFileReference; lastKnownFileType = file.storyboard; name = Base; path = Base.lproj/LaunchScreen.storyboard; sourceTree = "<group>"; };
		A3C0C428220079A9004AC87D /* Info.plist */ = {isa = PBXFileReference; lastKnownFileType = text.plist.xml; path = Info.plist; sourceTree = "<group>"; };
		C0384F4B5D532E15CB1FC3FE /* Pods-app-smack.release.xcconfig */ = {isa = PBXFileReference; includeInIndex = 1; lastKnownFileType = text.xcconfig; name = "Pods-app-smack.release.xcconfig"; path = "Pods/Target Support Files/Pods-app-smack/Pods-app-smack.release.xcconfig"; sourceTree = "<group>"; };
		C29554C7E615919F8782CB58 /* Pods_app_smack.framework */ = {isa = PBXFileReference; explicitFileType = wrapper.framework; includeInIndex = 0; path = Pods_app_smack.framework; sourceTree = BUILT_PRODUCTS_DIR; };
		ED319E7305E232D32ACAD483 /* Pods-app-smack.debug.xcconfig */ = {isa = PBXFileReference; includeInIndex = 1; lastKnownFileType = text.xcconfig; name = "Pods-app-smack.debug.xcconfig"; path = "Pods/Target Support Files/Pods-app-smack/Pods-app-smack.debug.xcconfig"; sourceTree = "<group>"; };
/* End PBXFileReference section */

/* Begin PBXFrameworksBuildPhase section */
		A3C0C416220079A9004AC87D /* Frameworks */ = {
			isa = PBXFrameworksBuildPhase;
			buildActionMask = 2147483647;
			files = (
				7607F06978234FC0A5794611 /* Pods_app_smack.framework in Frameworks */,
			);
			runOnlyForDeploymentPostprocessing = 0;
		};
/* End PBXFrameworksBuildPhase section */

/* Begin PBXGroup section */
		A3C0C410220079A9004AC87D = {
			isa = PBXGroup;
			children = (
				A3C0C41B220079A9004AC87D /* app-smack */,
				A3C0C41A220079A9004AC87D /* Products */,
				DD80AF642A23DC7CCC25CA85 /* Pods */,
				B1623EFC4F489DCEAC6BD634 /* Frameworks */,
			);
			sourceTree = "<group>";
		};
		A3C0C41A220079A9004AC87D /* Products */ = {
			isa = PBXGroup;
			children = (
				A3C0C419220079A9004AC87D /* app-smack.app */,
			);
			name = Products;
			sourceTree = "<group>";
		};
		A3C0C41B220079A9004AC87D /* app-smack */ = {
			isa = PBXGroup;
			children = (
				A3C0C41C220079A9004AC87D /* AppDelegate.swift */,
				A3C0C41E220079A9004AC87D /* ViewController.swift */,
				A3C0C420220079A9004AC87D /* Main.storyboard */,
				A3C0C423220079A9004AC87D /* Assets.xcassets */,
				A3C0C425220079A9004AC87D /* LaunchScreen.storyboard */,
				A3C0C428220079A9004AC87D /* Info.plist */,
			);
			path = "app-smack";
			sourceTree = "<group>";
		};
		B1623EFC4F489DCEAC6BD634 /* Frameworks */ = {
			isa = PBXGroup;
			children = (
				C29554C7E615919F8782CB58 /* Pods_app_smack.framework */,
			);
			name = Frameworks;
			sourceTree = "<group>";
		};
		DD80AF642A23DC7CCC25CA85 /* Pods */ = {
			isa = PBXGroup;
			children = (
				ED319E7305E232D32ACAD483 /* Pods-app-smack.debug.xcconfig */,
				C0384F4B5D532E15CB1FC3FE /* Pods-app-smack.release.xcconfig */,
			);
			name = Pods;
			sourceTree = "<group>";
		};
/* End PBXGroup section */

/* Begin PBXNativeTarget section */
		A3C0C418220079A9004AC87D /* app-smack */ = {
			isa = PBXNativeTarget;
			buildConfigurationList = A3C0C42B220079A9004AC87D /* Build configuration list for PBXNativeTarget "app-smack" */;
			buildPhases = (
				C4A3A4FDE569D23BE8452847 /* [CP] Check Pods Manifest.lock */,
				A3C0C415220079A9004AC87D /* Sources */,
				A3C0C416220079A9004AC87D /* Frameworks */,
				A3C0C417220079A9004AC87D /* Resources */,
				544F8CBAD94A26039AC51093 /* [CP] Embed Pods Frameworks */,
			);
			buildRules = (
			);
			dependencies = (
			);
			name = "app-smack";
			productName = "app-smack";
			productReference = A3C0C419220079A9004AC87D /* app-smack.app */;
			productType = "com.apple.product-type.application";
		};
/* End PBXNativeTarget section */

/* Begin PBXProject section */
		A3C0C411220079A9004AC87D /* Project object */ = {
			isa = PBXProject;
			attributes = {
				LastSwiftUpdateCheck = 1010;
				LastUpgradeCheck = 1010;
				ORGANIZATIONNAME = "Nicholas Coggin";
				TargetAttributes = {
					A3C0C418220079A9004AC87D = {
						CreatedOnToolsVersion = 10.1;
					};
				};
			};
			buildConfigurationList = A3C0C414220079A9004AC87D /* Build configuration list for PBXProject "app-smack" */;
			compatibilityVersion = "Xcode 9.3";
			developmentRegion = en;
			hasScannedForEncodings = 0;
			knownRegions = (
				en,
				Base,
			);
			mainGroup = A3C0C410220079A9004AC87D;
			productRefGroup = A3C0C41A220079A9004AC87D /* Products */;
			projectDirPath = "";
			projectRoot = "";
			targets = (
				A3C0C418220079A9004AC87D /* app-smack */,
			);
		};
/* End PBXProject section */

/* Begin PBXResourcesBuildPhase section */
		A3C0C417220079A9004AC87D /* Resources */ = {
			isa = PBXResourcesBuildPhase;
			buildActionMask = 2147483647;
			files = (
				A3C0C427220079A9004AC87D /* LaunchScreen.storyboard in Resources */,
				A3C0C424220079A9004AC87D /* Assets.xcassets in Resources */,
				A3C0C422220079A9004AC87D /* Main.storyboard in Resources */,
			);
			runOnlyForDeploymentPostprocessing = 0;
		};
/* End PBXResourcesBuildPhase section */

/* Begin PBXShellScriptBuildPhase section */
		544F8CBAD94A26039AC51093 /* [CP] Embed Pods Frameworks */ = {
			isa = PBXShellScriptBuildPhase;
			buildActionMask = 2147483647;
			files = (
			);
			inputPaths = (
				"${SRCROOT}/Pods/Target Support Files/Pods-app-smack/Pods-app-smack-frameworks.sh",
				"${BUILT_PRODUCTS_DIR}/Alamofire/Alamofire.framework",
				"${BUILT_PRODUCTS_DIR}/Socket.IO-Client-Swift/SocketIO.framework",
				"${BUILT_PRODUCTS_DIR}/Starscream/Starscream.framework",
				"${BUILT_PRODUCTS_DIR}/SwiftyJSON/SwiftyJSON.framework",
			);
			name = "[CP] Embed Pods Frameworks";
			outputPaths = (
				"${TARGET_BUILD_DIR}/${FRAMEWORKS_FOLDER_PATH}/Alamofire.framework",
				"${TARGET_BUILD_DIR}/${FRAMEWORKS_FOLDER_PATH}/SocketIO.framework",
				"${TARGET_BUILD_DIR}/${FRAMEWORKS_FOLDER_PATH}/Starscream.framework",
				"${TARGET_BUILD_DIR}/${FRAMEWORKS_FOLDER_PATH}/SwiftyJSON.framework",
			);
			runOnlyForDeploymentPostprocessing = 0;
			shellPath = /bin/sh;
			shellScript = "\"${SRCROOT}/Pods/Target Support Files/Pods-app-smack/Pods-app-smack-frameworks.sh\"\n";
			showEnvVarsInLog = 0;
		};
		C4A3A4FDE569D23BE8452847 /* [CP] Check Pods Manifest.lock */ = {
			isa = PBXShellScriptBuildPhase;
			buildActionMask = 2147483647;
			files = (
			);
			inputPaths = (
				"${PODS_PODFILE_DIR_PATH}/Podfile.lock",
				"${PODS_ROOT}/Manifest.lock",
			);
			name = "[CP] Check Pods Manifest.lock";
			outputPaths = (
				"$(DERIVED_FILE_DIR)/Pods-app-smack-checkManifestLockResult.txt",
			);
			runOnlyForDeploymentPostprocessing = 0;
			shellPath = /bin/sh;
			shellScript = "diff \"${PODS_PODFILE_DIR_PATH}/Podfile.lock\" \"${PODS_ROOT}/Manifest.lock\" > /dev/null\nif [ $? != 0 ] ; then\n    # print error to STDERR\n    echo \"error: The sandbox is not in sync with the Podfile.lock. Run 'pod install' or update your CocoaPods installation.\" >&2\n    exit 1\nfi\n# This output is used by Xcode 'outputs' to avoid re-running this script phase.\necho \"SUCCESS\" > \"${SCRIPT_OUTPUT_FILE_0}\"\n";
			showEnvVarsInLog = 0;
		};
/* End PBXShellScriptBuildPhase section */

/* Begin PBXSourcesBuildPhase section */
		A3C0C415220079A9004AC87D /* Sources */ = {
			isa = PBXSourcesBuildPhase;
			buildActionMask = 2147483647;
			files = (
				A3C0C41F220079A9004AC87D /* ViewController.swift in Sources */,
				A3C0C41D220079A9004AC87D /* AppDelegate.swift in Sources */,
			);
			runOnlyForDeploymentPostprocessing = 0;
		};
/* End PBXSourcesBuildPhase section */

/* Begin PBXVariantGroup section */
		A3C0C420220079A9004AC87D /* Main.storyboard */ = {
			isa = PBXVariantGroup;
			children = (
				A3C0C421220079A9004AC87D /* Base */,
			);
			name = Main.storyboard;
			sourceTree = "<group>";
		};
		A3C0C425220079A9004AC87D /* LaunchScreen.storyboard */ = {
			isa = PBXVariantGroup;
			children = (
				A3C0C426220079A9004AC87D /* Base */,
			);
			name = LaunchScreen.storyboard;
			sourceTree = "<group>";
		};
/* End PBXVariantGroup section */

/* Begin XCBuildConfiguration section */
		A3C0C429220079A9004AC87D /* Debug */ = {
			isa = XCBuildConfiguration;
			buildSettings = {
				ALWAYS_SEARCH_USER_PATHS = NO;
				CLANG_ANALYZER_NONNULL = YES;
				CLANG_ANALYZER_NUMBER_OBJECT_CONVERSION = YES_AGGRESSIVE;
				CLANG_CXX_LANGUAGE_STANDARD = "gnu++14";
				CLANG_CXX_LIBRARY = "libc++";
				CLANG_ENABLE_MODULES = YES;
				CLANG_ENABLE_OBJC_ARC = YES;
				CLANG_ENABLE_OBJC_WEAK = YES;
				CLANG_WARN_BLOCK_CAPTURE_AUTORELEASING = YES;
				CLANG_WARN_BOOL_CONVERSION = YES;
				CLANG_WARN_COMMA = YES;
				CLANG_WARN_CONSTANT_CONVERSION = YES;
				CLANG_WARN_DEPRECATED_OBJC_IMPLEMENTATIONS = YES;
				CLANG_WARN_DIRECT_OBJC_ISA_USAGE = YES_ERROR;
				CLANG_WARN_DOCUMENTATION_COMMENTS = YES;
				CLANG_WARN_EMPTY_BODY = YES;
				CLANG_WARN_ENUM_CONVERSION = YES;
				CLANG_WARN_INFINITE_RECURSION = YES;
				CLANG_WARN_INT_CONVERSION = YES;
				CLANG_WARN_NON_LITERAL_NULL_CONVERSION = YES;
				CLANG_WARN_OBJC_IMPLICIT_RETAIN_SELF = YES;
				CLANG_WARN_OBJC_LITERAL_CONVERSION = YES;
				CLANG_WARN_OBJC_ROOT_CLASS = YES_ERROR;
				CLANG_WARN_RANGE_LOOP_ANALYSIS = YES;
				CLANG_WARN_STRICT_PROTOTYPES = YES;
				CLANG_WARN_SUSPICIOUS_MOVE = YES;
				CLANG_WARN_UNGUARDED_AVAILABILITY = YES_AGGRESSIVE;
				CLANG_WARN_UNREACHABLE_CODE = YES;
				CLANG_WARN__DUPLICATE_METHOD_MATCH = YES;
				CODE_SIGN_IDENTITY = "iPhone Developer";
				COPY_PHASE_STRIP = NO;
				DEBUG_INFORMATION_FORMAT = dwarf;
				ENABLE_STRICT_OBJC_MSGSEND = YES;
				ENABLE_TESTABILITY = YES;
				GCC_C_LANGUAGE_STANDARD = gnu11;
				GCC_DYNAMIC_NO_PIC = NO;
				GCC_NO_COMMON_BLOCKS = YES;
				GCC_OPTIMIZATION_LEVEL = 0;
				GCC_PREPROCESSOR_DEFINITIONS = (
					"DEBUG=1",
					"$(inherited)",
				);
				GCC_WARN_64_TO_32_BIT_CONVERSION = YES;
				GCC_WARN_ABOUT_RETURN_TYPE = YES_ERROR;
				GCC_WARN_UNDECLARED_SELECTOR = YES;
				GCC_WARN_UNINITIALIZED_AUTOS = YES_AGGRESSIVE;
				GCC_WARN_UNUSED_FUNCTION = YES;
				GCC_WARN_UNUSED_VARIABLE = YES;
				IPHONEOS_DEPLOYMENT_TARGET = 12.1;
				MTL_ENABLE_DEBUG_INFO = INCLUDE_SOURCE;
				MTL_FAST_MATH = YES;
				ONLY_ACTIVE_ARCH = YES;
				SDKROOT = iphoneos;
				SWIFT_ACTIVE_COMPILATION_CONDITIONS = DEBUG;
				SWIFT_OPTIMIZATION_LEVEL = "-Onone";
			};
			name = Debug;
		};
		A3C0C42A220079A9004AC87D /* Release */ = {
			isa = XCBuildConfiguration;
			buildSettings = {
				ALWAYS_SEARCH_USER_PATHS = NO;
				CLANG_ANALYZER_NONNULL = YES;
				CLANG_ANALYZER_NUMBER_OBJECT_CONVERSION = YES_AGGRESSIVE;
				CLANG_CXX_LANGUAGE_STANDARD = "gnu++14";
				CLANG_CXX_LIBRARY = "libc++";
				CLANG_ENABLE_MODULES = YES;
				CLANG_ENABLE_OBJC_ARC = YES;
				CLANG_ENABLE_OBJC_WEAK = YES;
				CLANG_WARN_BLOCK_CAPTURE_AUTORELEASING = YES;
				CLANG_WARN_BOOL_CONVERSION = YES;
				CLANG_WARN_COMMA = YES;
				CLANG_WARN_CONSTANT_CONVERSION = YES;
				CLANG_WARN_DEPRECATED_OBJC_IMPLEMENTATIONS = YES;
				CLANG_WARN_DIRECT_OBJC_ISA_USAGE = YES_ERROR;
				CLANG_WARN_DOCUMENTATION_COMMENTS = YES;
				CLANG_WARN_EMPTY_BODY = YES;
				CLANG_WARN_ENUM_CONVERSION = YES;
				CLANG_WARN_INFINITE_RECURSION = YES;
				CLANG_WARN_INT_CONVERSION = YES;
				CLANG_WARN_NON_LITERAL_NULL_CONVERSION = YES;
				CLANG_WARN_OBJC_IMPLICIT_RETAIN_SELF = YES;
				CLANG_WARN_OBJC_LITERAL_CONVERSION = YES;
				CLANG_WARN_OBJC_ROOT_CLASS = YES_ERROR;
				CLANG_WARN_RANGE_LOOP_ANALYSIS = YES;
				CLANG_WARN_STRICT_PROTOTYPES = YES;
				CLANG_WARN_SUSPICIOUS_MOVE = YES;
				CLANG_WARN_UNGUARDED_AVAILABILITY = YES_AGGRESSIVE;
				CLANG_WARN_UNREACHABLE_CODE = YES;
				CLANG_WARN__DUPLICATE_METHOD_MATCH = YES;
				CODE_SIGN_IDENTITY = "iPhone Developer";
				COPY_PHASE_STRIP = NO;
				DEBUG_INFORMATION_FORMAT = "dwarf-with-dsym";
				ENABLE_NS_ASSERTIONS = NO;
				ENABLE_STRICT_OBJC_MSGSEND = YES;
				GCC_C_LANGUAGE_STANDARD = gnu11;
				GCC_NO_COMMON_BLOCKS = YES;
				GCC_WARN_64_TO_32_BIT_CONVERSION = YES;
				GCC_WARN_ABOUT_RETURN_TYPE = YES_ERROR;
				GCC_WARN_UNDECLARED_SELECTOR = YES;
				GCC_WARN_UNINITIALIZED_AUTOS = YES_AGGRESSIVE;
				GCC_WARN_UNUSED_FUNCTION = YES;
				GCC_WARN_UNUSED_VARIABLE = YES;
				IPHONEOS_DEPLOYMENT_TARGET = 12.1;
				MTL_ENABLE_DEBUG_INFO = NO;
				MTL_FAST_MATH = YES;
				SDKROOT = iphoneos;
				SWIFT_COMPILATION_MODE = wholemodule;
				SWIFT_OPTIMIZATION_LEVEL = "-O";
				VALIDATE_PRODUCT = YES;
			};
			name = Release;
		};
		A3C0C42C220079A9004AC87D /* Debug */ = {
			isa = XCBuildConfiguration;
			baseConfigurationReference = ED319E7305E232D32ACAD483 /* Pods-app-smack.debug.xcconfig */;
			buildSettings = {
				ASSETCATALOG_COMPILER_APPICON_NAME = AppIcon;
				CODE_SIGN_STYLE = Automatic;
				DEVELOPMENT_TEAM = BVR98QBCX2;
				INFOPLIST_FILE = "app-smack/Info.plist";
				LD_RUNPATH_SEARCH_PATHS = (
					"$(inherited)",
					"@executable_path/Frameworks",
				);
				PRODUCT_BUNDLE_IDENTIFIER = "CogDev.app-smack";
				PRODUCT_NAME = "$(TARGET_NAME)";
				SWIFT_VERSION = 4.2;
				TARGETED_DEVICE_FAMILY = "1,2";
			};
			name = Debug;
		};
		A3C0C42D220079A9004AC87D /* Release */ = {
			isa = XCBuildConfiguration;
			baseConfigurationReference = C0384F4B5D532E15CB1FC3FE /* Pods-app-smack.release.xcconfig */;
			buildSettings = {
				ASSETCATALOG_COMPILER_APPICON_NAME = AppIcon;
				CODE_SIGN_STYLE = Automatic;
				DEVELOPMENT_TEAM = BVR98QBCX2;
				INFOPLIST_FILE = "app-smack/Info.plist";
				LD_RUNPATH_SEARCH_PATHS = (
					"$(inherited)",
					"@executable_path/Frameworks",
				);
				PRODUCT_BUNDLE_IDENTIFIER = "CogDev.app-smack";
				PRODUCT_NAME = "$(TARGET_NAME)";
				SWIFT_VERSION = 4.2;
				TARGETED_DEVICE_FAMILY = "1,2";
			};
			name = Release;
		};
/* End XCBuildConfiguration section */

/* Begin XCConfigurationList section */
		A3C0C414220079A9004AC87D /* Build configuration list for PBXProject "app-smack" */ = {
			isa = XCConfigurationList;
			buildConfigurations = (
				A3C0C429220079A9004AC87D /* Debug */,
				A3C0C42A220079A9004AC87D /* Release */,
			);
			defaultConfigurationIsVisible = 0;
			defaultConfigurationName = Release;
		};
		A3C0C42B220079A9004AC87D /* Build configuration list for PBXNativeTarget "app-smack" */ = {
			isa = XCConfigurationList;
			buildConfigurations = (
				A3C0C42C220079A9004AC87D /* Debug */,
				A3C0C42D220079A9004AC87D /* Release */,
			);
			defaultConfigurationIsVisible = 0;
			defaultConfigurationName = Release;
		};
/* End XCConfigurationList section */
	};
	rootObject = A3C0C411220079A9004AC87D /* Project object */;
}
